// !$*UTF8*$!
{
	archiveVersion = 1;
	classes = {
	};
	objectVersion = 56;
	objects = {

/* Begin PBXBuildFile section */
		04CD96512979904700659361 /* _0230119_KunNiu_NYCSchoolsApp.swift in Sources */ = {isa = PBXBuildFile; fileRef = 04CD96502979904700659361 /* _0230119_KunNiu_NYCSchoolsApp.swift */; };
		04CD96532979904700659361 /* ContentView.swift in Sources */ = {isa = PBXBuildFile; fileRef = 04CD96522979904700659361 /* ContentView.swift */; };
		04CD96552979904900659361 /* Assets.xcassets in Resources */ = {isa = PBXBuildFile; fileRef = 04CD96542979904900659361 /* Assets.xcassets */; };
		04CD96582979904900659361 /* Preview Assets.xcassets in Resources */ = {isa = PBXBuildFile; fileRef = 04CD96572979904900659361 /* Preview Assets.xcassets */; };
		04CD967F2979908C00659361 /* Networking.swift in Sources */ = {isa = PBXBuildFile; fileRef = 04CD967B2979908C00659361 /* Networking.swift */; };
		04CD96802979908C00659361 /* NetworkManager.swift in Sources */ = {isa = PBXBuildFile; fileRef = 04CD967C2979908C00659361 /* NetworkManager.swift */; };
		04CD96812979908C00659361 /* SchoolAdditionlDetails.swift in Sources */ = {isa = PBXBuildFile; fileRef = 04CD967D2979908C00659361 /* SchoolAdditionlDetails.swift */; };
		04CD96822979908C00659361 /* Endpoint.swift in Sources */ = {isa = PBXBuildFile; fileRef = 04CD967E2979908C00659361 /* Endpoint.swift */; };
		04CD96852979949100659361 /* SchoolDetails.swift in Sources */ = {isa = PBXBuildFile; fileRef = 04CD96842979949100659361 /* SchoolDetails.swift */; };
		04CD96882979953700659361 /* SchoolRepository.swift in Sources */ = {isa = PBXBuildFile; fileRef = 04CD96872979953700659361 /* SchoolRepository.swift */; };
		04CD968B2979965C00659361 /* SchoolViewModel.swift in Sources */ = {isa = PBXBuildFile; fileRef = 04CD968A2979965C00659361 /* SchoolViewModel.swift */; };
		92FCA33829799C8300BE611A /* SchoolAdditionalInfo.swift in Sources */ = {isa = PBXBuildFile; fileRef = 92FCA33729799C8300BE611A /* SchoolAdditionalInfo.swift */; };
/* End PBXBuildFile section */

/* Begin PBXContainerItemProxy section */
		04CD965E2979904A00659361 /* PBXContainerItemProxy */ = {
			isa = PBXContainerItemProxy;
			containerPortal = 04CD96452979904700659361 /* Project object */;
			proxyType = 1;
			remoteGlobalIDString = 04CD964C2979904700659361;
			remoteInfo = "20230119-KunNiu-NYCSchools";
		};
		04CD96682979904A00659361 /* PBXContainerItemProxy */ = {
			isa = PBXContainerItemProxy;
			containerPortal = 04CD96452979904700659361 /* Project object */;
			proxyType = 1;
			remoteGlobalIDString = 04CD964C2979904700659361;
			remoteInfo = "20230119-KunNiu-NYCSchools";
		};
/* End PBXContainerItemProxy section */

/* Begin PBXFileReference section */
		04CD964D2979904700659361 /* 20230119-KunNiu-NYCSchools.app */ = {isa = PBXFileReference; explicitFileType = wrapper.application; includeInIndex = 0; path = "20230119-KunNiu-NYCSchools.app"; sourceTree = BUILT_PRODUCTS_DIR; };
		04CD96502979904700659361 /* _0230119_KunNiu_NYCSchoolsApp.swift */ = {isa = PBXFileReference; lastKnownFileType = sourcecode.swift; path = _0230119_KunNiu_NYCSchoolsApp.swift; sourceTree = "<group>"; };
		04CD96522979904700659361 /* ContentView.swift */ = {isa = PBXFileReference; lastKnownFileType = sourcecode.swift; path = ContentView.swift; sourceTree = "<group>"; };
		04CD96542979904900659361 /* Assets.xcassets */ = {isa = PBXFileReference; lastKnownFileType = folder.assetcatalog; path = Assets.xcassets; sourceTree = "<group>"; };
		04CD96572979904900659361 /* Preview Assets.xcassets */ = {isa = PBXFileReference; lastKnownFileType = folder.assetcatalog; path = "Preview Assets.xcassets"; sourceTree = "<group>"; };
		04CD965D2979904A00659361 /* 20230119-KunNiu-NYCSchoolsTests.xctest */ = {isa = PBXFileReference; explicitFileType = wrapper.cfbundle; includeInIndex = 0; path = "20230119-KunNiu-NYCSchoolsTests.xctest"; sourceTree = BUILT_PRODUCTS_DIR; };
		04CD96672979904A00659361 /* 20230119-KunNiu-NYCSchoolsUITests.xctest */ = {isa = PBXFileReference; explicitFileType = wrapper.cfbundle; includeInIndex = 0; path = "20230119-KunNiu-NYCSchoolsUITests.xctest"; sourceTree = BUILT_PRODUCTS_DIR; };
		04CD967B2979908C00659361 /* Networking.swift */ = {isa = PBXFileReference; fileEncoding = 4; lastKnownFileType = sourcecode.swift; path = Networking.swift; sourceTree = "<group>"; };
		04CD967C2979908C00659361 /* NetworkManager.swift */ = {isa = PBXFileReference; fileEncoding = 4; lastKnownFileType = sourcecode.swift; path = NetworkManager.swift; sourceTree = "<group>"; };
		04CD967D2979908C00659361 /* SchoolAdditionlDetails.swift */ = {isa = PBXFileReference; fileEncoding = 4; lastKnownFileType = sourcecode.swift; path = SchoolAdditionlDetails.swift; sourceTree = "<group>"; };
		04CD967E2979908C00659361 /* Endpoint.swift */ = {isa = PBXFileReference; fileEncoding = 4; lastKnownFileType = sourcecode.swift; path = Endpoint.swift; sourceTree = "<group>"; };
		04CD96842979949100659361 /* SchoolDetails.swift */ = {isa = PBXFileReference; lastKnownFileType = sourcecode.swift; path = SchoolDetails.swift; sourceTree = "<group>"; };
		04CD96872979953700659361 /* SchoolRepository.swift */ = {isa = PBXFileReference; lastKnownFileType = sourcecode.swift; path = SchoolRepository.swift; sourceTree = "<group>"; };
		04CD968A2979965C00659361 /* SchoolViewModel.swift */ = {isa = PBXFileReference; lastKnownFileType = sourcecode.swift; path = SchoolViewModel.swift; sourceTree = "<group>"; };
		92FCA33729799C8300BE611A /* SchoolAdditionalInfo.swift */ = {isa = PBXFileReference; lastKnownFileType = sourcecode.swift; path = SchoolAdditionalInfo.swift; sourceTree = "<group>"; };
/* End PBXFileReference section */

/* Begin PBXFrameworksBuildPhase section */
		04CD964A2979904700659361 /* Frameworks */ = {
			isa = PBXFrameworksBuildPhase;
			buildActionMask = 2147483647;
			files = (
			);
			runOnlyForDeploymentPostprocessing = 0;
		};
		04CD965A2979904A00659361 /* Frameworks */ = {
			isa = PBXFrameworksBuildPhase;
			buildActionMask = 2147483647;
			files = (
			);
			runOnlyForDeploymentPostprocessing = 0;
		};
		04CD96642979904A00659361 /* Frameworks */ = {
			isa = PBXFrameworksBuildPhase;
			buildActionMask = 2147483647;
			files = (
			);
			runOnlyForDeploymentPostprocessing = 0;
		};
/* End PBXFrameworksBuildPhase section */

/* Begin PBXGroup section */
		04CD96442979904700659361 = {
			isa = PBXGroup;
			children = (
				04CD964F2979904700659361 /* 20230119-KunNiu-NYCSchools */,
				04CD964E2979904700659361 /* Products */,
			);
			sourceTree = "<group>";
		};
		04CD964E2979904700659361 /* Products */ = {
			isa = PBXGroup;
			children = (
				04CD964D2979904700659361 /* 20230119-KunNiu-NYCSchools.app */,
				04CD965D2979904A00659361 /* 20230119-KunNiu-NYCSchoolsTests.xctest */,
				04CD96672979904A00659361 /* 20230119-KunNiu-NYCSchoolsUITests.xctest */,
			);
			name = Products;
			sourceTree = "<group>";
		};
		04CD964F2979904700659361 /* 20230119-KunNiu-NYCSchools */ = {
			isa = PBXGroup;
			children = (
				04CD968C2979977800659361 /* View */,
				04CD96892979963D00659361 /* ViewModel */,
				04CD96862979950000659361 /* Repository */,
				04CD96832979947100659361 /* Model */,
				04CD967A2979908C00659361 /* NetworkLayer */,
				04CD96502979904700659361 /* _0230119_KunNiu_NYCSchoolsApp.swift */,
				04CD96542979904900659361 /* Assets.xcassets */,
				04CD96562979904900659361 /* Preview Content */,
			);
			path = "20230119-KunNiu-NYCSchools";
			sourceTree = "<group>";
		};
		04CD96562979904900659361 /* Preview Content */ = {
			isa = PBXGroup;
			children = (
				04CD96572979904900659361 /* Preview Assets.xcassets */,
			);
			path = "Preview Content";
			sourceTree = "<group>";
		};
		04CD967A2979908C00659361 /* NetworkLayer */ = {
			isa = PBXGroup;
			children = (
				04CD967B2979908C00659361 /* Networking.swift */,
				04CD967C2979908C00659361 /* NetworkManager.swift */,
				04CD967E2979908C00659361 /* Endpoint.swift */,
			);
			path = NetworkLayer;
			sourceTree = "<group>";
		};
		04CD96832979947100659361 /* Model */ = {
			isa = PBXGroup;
			children = (
				04CD967D2979908C00659361 /* SchoolAdditionlDetails.swift */,
				04CD96842979949100659361 /* SchoolDetails.swift */,
			);
			path = Model;
			sourceTree = "<group>";
		};
		04CD96862979950000659361 /* Repository */ = {
			isa = PBXGroup;
			children = (
				04CD96872979953700659361 /* SchoolRepository.swift */,
			);
			path = Repository;
			sourceTree = "<group>";
		};
		04CD96892979963D00659361 /* ViewModel */ = {
			isa = PBXGroup;
			children = (
				04CD968A2979965C00659361 /* SchoolViewModel.swift */,
			);
			path = ViewModel;
			sourceTree = "<group>";
		};
		04CD968C2979977800659361 /* View */ = {
			isa = PBXGroup;
			children = (
				04CD96522979904700659361 /* ContentView.swift */,
				92FCA33729799C8300BE611A /* SchoolAdditionalInfo.swift */,
			);
			path = View;
			sourceTree = "<group>";
		};
/* End PBXGroup section */

/* Begin PBXNativeTarget section */
		04CD964C2979904700659361 /* 20230119-KunNiu-NYCSchools */ = {
			isa = PBXNativeTarget;
			buildConfigurationList = 04CD96712979904A00659361 /* Build configuration list for PBXNativeTarget "20230119-KunNiu-NYCSchools" */;
			buildPhases = (
				04CD96492979904700659361 /* Sources */,
				04CD964A2979904700659361 /* Frameworks */,
				04CD964B2979904700659361 /* Resources */,
			);
			buildRules = (
			);
			dependencies = (
			);
			name = "20230119-KunNiu-NYCSchools";
			productName = "20230119-KunNiu-NYCSchools";
			productReference = 04CD964D2979904700659361 /* 20230119-KunNiu-NYCSchools.app */;
			productType = "com.apple.product-type.application";
		};
		04CD965C2979904A00659361 /* 20230119-KunNiu-NYCSchoolsTests */ = {
			isa = PBXNativeTarget;
			buildConfigurationList = 04CD96742979904A00659361 /* Build configuration list for PBXNativeTarget "20230119-KunNiu-NYCSchoolsTests" */;
			buildPhases = (
				04CD96592979904A00659361 /* Sources */,
				04CD965A2979904A00659361 /* Frameworks */,
				04CD965B2979904A00659361 /* Resources */,
			);
			buildRules = (
			);
			dependencies = (
				04CD965F2979904A00659361 /* PBXTargetDependency */,
			);
			name = "20230119-KunNiu-NYCSchoolsTests";
			productName = "20230119-KunNiu-NYCSchoolsTests";
			productReference = 04CD965D2979904A00659361 /* 20230119-KunNiu-NYCSchoolsTests.xctest */;
			productType = "com.apple.product-type.bundle.unit-test";
		};
		04CD96662979904A00659361 /* 20230119-KunNiu-NYCSchoolsUITests */ = {
			isa = PBXNativeTarget;
			buildConfigurationList = 04CD96772979904A00659361 /* Build configuration list for PBXNativeTarget "20230119-KunNiu-NYCSchoolsUITests" */;
			buildPhases = (
				04CD96632979904A00659361 /* Sources */,
				04CD96642979904A00659361 /* Frameworks */,
				04CD96652979904A00659361 /* Resources */,
			);
			buildRules = (
			);
			dependencies = (
				04CD96692979904A00659361 /* PBXTargetDependency */,
			);
			name = "20230119-KunNiu-NYCSchoolsUITests";
			productName = "20230119-KunNiu-NYCSchoolsUITests";
			productReference = 04CD96672979904A00659361 /* 20230119-KunNiu-NYCSchoolsUITests.xctest */;
			productType = "com.apple.product-type.bundle.ui-testing";
		};
/* End PBXNativeTarget section */

/* Begin PBXProject section */
		04CD96452979904700659361 /* Project object */ = {
			isa = PBXProject;
			attributes = {
				BuildIndependentTargetsInParallel = 1;
				LastSwiftUpdateCheck = 1400;
				LastUpgradeCheck = 1400;
				TargetAttributes = {
					04CD964C2979904700659361 = {
						CreatedOnToolsVersion = 14.0.1;
					};
					04CD965C2979904A00659361 = {
						CreatedOnToolsVersion = 14.0.1;
						TestTargetID = 04CD964C2979904700659361;
					};
					04CD96662979904A00659361 = {
						CreatedOnToolsVersion = 14.0.1;
						TestTargetID = 04CD964C2979904700659361;
					};
				};
			};
			buildConfigurationList = 04CD96482979904700659361 /* Build configuration list for PBXProject "20230119-KunNiu-NYCSchools" */;
			compatibilityVersion = "Xcode 14.0";
			developmentRegion = en;
			hasScannedForEncodings = 0;
			knownRegions = (
				en,
				Base,
			);
			mainGroup = 04CD96442979904700659361;
			productRefGroup = 04CD964E2979904700659361 /* Products */;
			projectDirPath = "";
			projectRoot = "";
			targets = (
				04CD964C2979904700659361 /* 20230119-KunNiu-NYCSchools */,
				04CD965C2979904A00659361 /* 20230119-KunNiu-NYCSchoolsTests */,
				04CD96662979904A00659361 /* 20230119-KunNiu-NYCSchoolsUITests */,
			);
		};
/* End PBXProject section */

/* Begin PBXResourcesBuildPhase section */
		04CD964B2979904700659361 /* Resources */ = {
			isa = PBXResourcesBuildPhase;
			buildActionMask = 2147483647;
			files = (
				04CD96582979904900659361 /* Preview Assets.xcassets in Resources */,
				04CD96552979904900659361 /* Assets.xcassets in Resources */,
			);
			runOnlyForDeploymentPostprocessing = 0;
		};
		04CD965B2979904A00659361 /* Resources */ = {
			isa = PBXResourcesBuildPhase;
			buildActionMask = 2147483647;
			files = (
			);
			runOnlyForDeploymentPostprocessing = 0;
		};
		04CD96652979904A00659361 /* Resources */ = {
			isa = PBXResourcesBuildPhase;
			buildActionMask = 2147483647;
			files = (
			);
			runOnlyForDeploymentPostprocessing = 0;
		};
/* End PBXResourcesBuildPhase section */

/* Begin PBXSourcesBuildPhase section */
		04CD96492979904700659361 /* Sources */ = {
			isa = PBXSourcesBuildPhase;
			buildActionMask = 2147483647;
			files = (
				04CD96802979908C00659361 /* NetworkManager.swift in Sources */,
				04CD96882979953700659361 /* SchoolRepository.swift in Sources */,
				04CD96812979908C00659361 /* SchoolAdditionlDetails.swift in Sources */,
				04CD967F2979908C00659361 /* Networking.swift in Sources */,
				92FCA33829799C8300BE611A /* SchoolAdditionalInfo.swift in Sources */,
				04CD96532979904700659361 /* ContentView.swift in Sources */,
				04CD96852979949100659361 /* SchoolDetails.swift in Sources */,
				04CD968B2979965C00659361 /* SchoolViewModel.swift in Sources */,
				04CD96822979908C00659361 /* Endpoint.swift in Sources */,
				04CD96512979904700659361 /* _0230119_KunNiu_NYCSchoolsApp.swift in Sources */,
			);
			runOnlyForDeploymentPostprocessing = 0;
		};
		04CD96592979904A00659361 /* Sources */ = {
			isa = PBXSourcesBuildPhase;
			buildActionMask = 2147483647;
			files = (
			);
			runOnlyForDeploymentPostprocessing = 0;
		};
		04CD96632979904A00659361 /* Sources */ = {
			isa = PBXSourcesBuildPhase;
			buildActionMask = 2147483647;
			files = (
			);
			runOnlyForDeploymentPostprocessing = 0;
		};
/* End PBXSourcesBuildPhase section */

/* Begin PBXTargetDependency section */
		04CD965F2979904A00659361 /* PBXTargetDependency */ = {
			isa = PBXTargetDependency;
			target = 04CD964C2979904700659361 /* 20230119-KunNiu-NYCSchools */;
			targetProxy = 04CD965E2979904A00659361 /* PBXContainerItemProxy */;
		};
		04CD96692979904A00659361 /* PBXTargetDependency */ = {
			isa = PBXTargetDependency;
			target = 04CD964C2979904700659361 /* 20230119-KunNiu-NYCSchools */;
			targetProxy = 04CD96682979904A00659361 /* PBXContainerItemProxy */;
		};
/* End PBXTargetDependency section */

/* Begin XCBuildConfiguration section */
		04CD966F2979904A00659361 /* Debug */ = {
			isa = XCBuildConfiguration;
			buildSettings = {
				ALWAYS_SEARCH_USER_PATHS = NO;
				CLANG_ANALYZER_NONNULL = YES;
				CLANG_ANALYZER_NUMBER_OBJECT_CONVERSION = YES_AGGRESSIVE;
				CLANG_CXX_LANGUAGE_STANDARD = "gnu++20";
				CLANG_ENABLE_MODULES = YES;
				CLANG_ENABLE_OBJC_ARC = YES;
				CLANG_ENABLE_OBJC_WEAK = YES;
				CLANG_WARN_BLOCK_CAPTURE_AUTORELEASING = YES;
				CLANG_WARN_BOOL_CONVERSION = YES;
				CLANG_WARN_COMMA = YES;
				CLANG_WARN_CONSTANT_CONVERSION = YES;
				CLANG_WARN_DEPRECATED_OBJC_IMPLEMENTATIONS = YES;
				CLANG_WARN_DIRECT_OBJC_ISA_USAGE = YES_ERROR;
				CLANG_WARN_DOCUMENTATION_COMMENTS = YES;
				CLANG_WARN_EMPTY_BODY = YES;
				CLANG_WARN_ENUM_CONVERSION = YES;
				CLANG_WARN_INFINITE_RECURSION = YES;
				CLANG_WARN_INT_CONVERSION = YES;
				CLANG_WARN_NON_LITERAL_NULL_CONVERSION = YES;
				CLANG_WARN_OBJC_IMPLICIT_RETAIN_SELF = YES;
				CLANG_WARN_OBJC_LITERAL_CONVERSION = YES;
				CLANG_WARN_OBJC_ROOT_CLASS = YES_ERROR;
				CLANG_WARN_QUOTED_INCLUDE_IN_FRAMEWORK_HEADER = YES;
				CLANG_WARN_RANGE_LOOP_ANALYSIS = YES;
				CLANG_WARN_STRICT_PROTOTYPES = YES;
				CLANG_WARN_SUSPICIOUS_MOVE = YES;
				CLANG_WARN_UNGUARDED_AVAILABILITY = YES_AGGRESSIVE;
				CLANG_WARN_UNREACHABLE_CODE = YES;
				CLANG_WARN__DUPLICATE_METHOD_MATCH = YES;
				COPY_PHASE_STRIP = NO;
				DEBUG_INFORMATION_FORMAT = dwarf;
				ENABLE_STRICT_OBJC_MSGSEND = YES;
				ENABLE_TESTABILITY = YES;
				GCC_C_LANGUAGE_STANDARD = gnu11;
				GCC_DYNAMIC_NO_PIC = NO;
				GCC_NO_COMMON_BLOCKS = YES;
				GCC_OPTIMIZATION_LEVEL = 0;
				GCC_PREPROCESSOR_DEFINITIONS = (
					"DEBUG=1",
					"$(inherited)",
				);
				GCC_WARN_64_TO_32_BIT_CONVERSION = YES;
				GCC_WARN_ABOUT_RETURN_TYPE = YES_ERROR;
				GCC_WARN_UNDECLARED_SELECTOR = YES;
				GCC_WARN_UNINITIALIZED_AUTOS = YES_AGGRESSIVE;
				GCC_WARN_UNUSED_FUNCTION = YES;
				GCC_WARN_UNUSED_VARIABLE = YES;
				IPHONEOS_DEPLOYMENT_TARGET = 16.0;
				MTL_ENABLE_DEBUG_INFO = INCLUDE_SOURCE;
				MTL_FAST_MATH = YES;
				ONLY_ACTIVE_ARCH = YES;
				SDKROOT = iphoneos;
				SWIFT_ACTIVE_COMPILATION_CONDITIONS = DEBUG;
				SWIFT_OPTIMIZATION_LEVEL = "-Onone";
			};
			name = Debug;
		};
		04CD96702979904A00659361 /* Release */ = {
			isa = XCBuildConfiguration;
			buildSettings = {
				ALWAYS_SEARCH_USER_PATHS = NO;
				CLANG_ANALYZER_NONNULL = YES;
				CLANG_ANALYZER_NUMBER_OBJECT_CONVERSION = YES_AGGRESSIVE;
				CLANG_CXX_LANGUAGE_STANDARD = "gnu++20";
				CLANG_ENABLE_MODULES = YES;
				CLANG_ENABLE_OBJC_ARC = YES;
				CLANG_ENABLE_OBJC_WEAK = YES;
				CLANG_WARN_BLOCK_CAPTURE_AUTORELEASING = YES;
				CLANG_WARN_BOOL_CONVERSION = YES;
				CLANG_WARN_COMMA = YES;
				CLANG_WARN_CONSTANT_CONVERSION = YES;
				CLANG_WARN_DEPRECATED_OBJC_IMPLEMENTATIONS = YES;
				CLANG_WARN_DIRECT_OBJC_ISA_USAGE = YES_ERROR;
				CLANG_WARN_DOCUMENTATION_COMMENTS = YES;
				CLANG_WARN_EMPTY_BODY = YES;
				CLANG_WARN_ENUM_CONVERSION = YES;
				CLANG_WARN_INFINITE_RECURSION = YES;
				CLANG_WARN_INT_CONVERSION = YES;
				CLANG_WARN_NON_LITERAL_NULL_CONVERSION = YES;
				CLANG_WARN_OBJC_IMPLICIT_RETAIN_SELF = YES;
				CLANG_WARN_OBJC_LITERAL_CONVERSION = YES;
				CLANG_WARN_OBJC_ROOT_CLASS = YES_ERROR;
				CLANG_WARN_QUOTED_INCLUDE_IN_FRAMEWORK_HEADER = YES;
				CLANG_WARN_RANGE_LOOP_ANALYSIS = YES;
				CLANG_WARN_STRICT_PROTOTYPES = YES;
				CLANG_WARN_SUSPICIOUS_MOVE = YES;
				CLANG_WARN_UNGUARDED_AVAILABILITY = YES_AGGRESSIVE;
				CLANG_WARN_UNREACHABLE_CODE = YES;
				CLANG_WARN__DUPLICATE_METHOD_MATCH = YES;
				COPY_PHASE_STRIP = NO;
				DEBUG_INFORMATION_FORMAT = "dwarf-with-dsym";
				ENABLE_NS_ASSERTIONS = NO;
				ENABLE_STRICT_OBJC_MSGSEND = YES;
				GCC_C_LANGUAGE_STANDARD = gnu11;
				GCC_NO_COMMON_BLOCKS = YES;
				GCC_WARN_64_TO_32_BIT_CONVERSION = YES;
				GCC_WARN_ABOUT_RETURN_TYPE = YES_ERROR;
				GCC_WARN_UNDECLARED_SELECTOR = YES;
				GCC_WARN_UNINITIALIZED_AUTOS = YES_AGGRESSIVE;
				GCC_WARN_UNUSED_FUNCTION = YES;
				GCC_WARN_UNUSED_VARIABLE = YES;
				IPHONEOS_DEPLOYMENT_TARGET = 16.0;
				MTL_ENABLE_DEBUG_INFO = NO;
				MTL_FAST_MATH = YES;
				SDKROOT = iphoneos;
				SWIFT_COMPILATION_MODE = wholemodule;
				SWIFT_OPTIMIZATION_LEVEL = "-O";
				VALIDATE_PRODUCT = YES;
			};
			name = Release;
		};
		04CD96722979904A00659361 /* Debug */ = {
			isa = XCBuildConfiguration;
			buildSettings = {
				ASSETCATALOG_COMPILER_APPICON_NAME = AppIcon;
				ASSETCATALOG_COMPILER_GLOBAL_ACCENT_COLOR_NAME = AccentColor;
				CODE_SIGN_STYLE = Automatic;
				CURRENT_PROJECT_VERSION = 1;
				DEVELOPMENT_ASSET_PATHS = "\"20230119-KunNiu-NYCSchools/Preview Content\"";
				ENABLE_PREVIEWS = YES;
				GENERATE_INFOPLIST_FILE = YES;
				INFOPLIST_KEY_UIApplicationSceneManifest_Generation = YES;
				INFOPLIST_KEY_UIApplicationSupportsIndirectInputEvents = YES;
				INFOPLIST_KEY_UILaunchScreen_Generation = YES;
				INFOPLIST_KEY_UISupportedInterfaceOrientations_iPad = "UIInterfaceOrientationPortrait UIInterfaceOrientationPortraitUpsideDown UIInterfaceOrientationLandscapeLeft UIInterfaceOrientationLandscapeRight";
				INFOPLIST_KEY_UISupportedInterfaceOrientations_iPhone = "UIInterfaceOrientationPortrait UIInterfaceOrientationLandscapeLeft UIInterfaceOrientationLandscapeRight";
				LD_RUNPATH_SEARCH_PATHS = (
					"$(inherited)",
					"@executable_path/Frameworks",
				);
				MARKETING_VERSION = 1.0;
				PRODUCT_BUNDLE_IDENTIFIER = "com.it.Kun.-0230119-KunNiu-NYCSchools";
				PRODUCT_NAME = "$(TARGET_NAME)";
				SWIFT_EMIT_LOC_STRINGS = YES;
				SWIFT_VERSION = 5.0;
				TARGETED_DEVICE_FAMILY = "1,2";
			};
			name = Debug;
		};
		04CD96732979904A00659361 /* Release */ = {
			isa = XCBuildConfiguration;
			buildSettings = {
				ASSETCATALOG_COMPILER_APPICON_NAME = AppIcon;
				ASSETCATALOG_COMPILER_GLOBAL_ACCENT_COLOR_NAME = AccentColor;
				CODE_SIGN_STYLE = Automatic;
				CURRENT_PROJECT_VERSION = 1;
				DEVELOPMENT_ASSET_PATHS = "\"20230119-KunNiu-NYCSchools/Preview Content\"";
				ENABLE_PREVIEWS = YES;
				GENERATE_INFOPLIST_FILE = YES;
				INFOPLIST_KEY_UIApplicationSceneManifest_Generation = YES;
				INFOPLIST_KEY_UIApplicationSupportsIndirectInputEvents = YES;
				INFOPLIST_KEY_UILaunchScreen_Generation = YES;
				INFOPLIST_KEY_UISupportedInterfaceOrientations_iPad = "UIInterfaceOrientationPortrait UIInterfaceOrientationPortraitUpsideDown UIInterfaceOrientationLandscapeLeft UIInterfaceOrientationLandscapeRight";
				INFOPLIST_KEY_UISupportedInterfaceOrientations_iPhone = "UIInterfaceOrientationPortrait UIInterfaceOrientationLandscapeLeft UIInterfaceOrientationLandscapeRight";
				LD_RUNPATH_SEARCH_PATHS = (
					"$(inherited)",
					"@executable_path/Frameworks",
				);
				MARKETING_VERSION = 1.0;
				PRODUCT_BUNDLE_IDENTIFIER = "com.it.Kun.-0230119-KunNiu-NYCSchools";
				PRODUCT_NAME = "$(TARGET_NAME)";
				SWIFT_EMIT_LOC_STRINGS = YES;
				SWIFT_VERSION = 5.0;
				TARGETED_DEVICE_FAMILY = "1,2";
			};
			name = Release;
		};
		04CD96752979904A00659361 /* Debug */ = {
			isa = XCBuildConfiguration;
			buildSettings = {
				ALWAYS_EMBED_SWIFT_STANDARD_LIBRARIES = YES;
				BUNDLE_LOADER = "$(TEST_HOST)";
				CODE_SIGN_STYLE = Automatic;
				CURRENT_PROJECT_VERSION = 1;
				GENERATE_INFOPLIST_FILE = YES;
				IPHONEOS_DEPLOYMENT_TARGET = 16.0;
				MARKETING_VERSION = 1.0;
				PRODUCT_BUNDLE_IDENTIFIER = "com.it.Kun.-0230119-KunNiu-NYCSchoolsTests";
				PRODUCT_NAME = "$(TARGET_NAME)";
				SWIFT_EMIT_LOC_STRINGS = NO;
				SWIFT_VERSION = 5.0;
				TARGETED_DEVICE_FAMILY = "1,2";
				TEST_HOST = "$(BUILT_PRODUCTS_DIR)/20230119-KunNiu-NYCSchools.app/$(BUNDLE_EXECUTABLE_FOLDER_PATH)/20230119-KunNiu-NYCSchools";
			};
			name = Debug;
		};
		04CD96762979904A00659361 /* Release */ = {
			isa = XCBuildConfiguration;
			buildSettings = {
				ALWAYS_EMBED_SWIFT_STANDARD_LIBRARIES = YES;
				BUNDLE_LOADER = "$(TEST_HOST)";
				CODE_SIGN_STYLE = Automatic;
				CURRENT_PROJECT_VERSION = 1;
				GENERATE_INFOPLIST_FILE = YES;
				IPHONEOS_DEPLOYMENT_TARGET = 16.0;
				MARKETING_VERSION = 1.0;
				PRODUCT_BUNDLE_IDENTIFIER = "com.it.Kun.-0230119-KunNiu-NYCSchoolsTests";
				PRODUCT_NAME = "$(TARGET_NAME)";
				SWIFT_EMIT_LOC_STRINGS = NO;
				SWIFT_VERSION = 5.0;
				TARGETED_DEVICE_FAMILY = "1,2";
				TEST_HOST = "$(BUILT_PRODUCTS_DIR)/20230119-KunNiu-NYCSchools.app/$(BUNDLE_EXECUTABLE_FOLDER_PATH)/20230119-KunNiu-NYCSchools";
			};
			name = Release;
		};
		04CD96782979904A00659361 /* Debug */ = {
			isa = XCBuildConfiguration;
			buildSettings = {
				ALWAYS_EMBED_SWIFT_STANDARD_LIBRARIES = YES;
				CODE_SIGN_STYLE = Automatic;
				CURRENT_PROJECT_VERSION = 1;
				GENERATE_INFOPLIST_FILE = YES;
				MARKETING_VERSION = 1.0;
				PRODUCT_BUNDLE_IDENTIFIER = "com.it.Kun.-0230119-KunNiu-NYCSchoolsUITests";
				PRODUCT_NAME = "$(TARGET_NAME)";
				SWIFT_EMIT_LOC_STRINGS = NO;
				SWIFT_VERSION = 5.0;
				TARGETED_DEVICE_FAMILY = "1,2";
				TEST_TARGET_NAME = "20230119-KunNiu-NYCSchools";
			};
			name = Debug;
		};
		04CD96792979904A00659361 /* Release */ = {
			isa = XCBuildConfiguration;
			buildSettings = {
				ALWAYS_EMBED_SWIFT_STANDARD_LIBRARIES = YES;
				CODE_SIGN_STYLE = Automatic;
				CURRENT_PROJECT_VERSION = 1;
				GENERATE_INFOPLIST_FILE = YES;
				MARKETING_VERSION = 1.0;
				PRODUCT_BUNDLE_IDENTIFIER = "com.it.Kun.-0230119-KunNiu-NYCSchoolsUITests";
				PRODUCT_NAME = "$(TARGET_NAME)";
				SWIFT_EMIT_LOC_STRINGS = NO;
				SWIFT_VERSION = 5.0;
				TARGETED_DEVICE_FAMILY = "1,2";
				TEST_TARGET_NAME = "20230119-KunNiu-NYCSchools";
			};
			name = Release;
		};
/* End XCBuildConfiguration section */

/* Begin XCConfigurationList section */
		04CD96482979904700659361 /* Build configuration list for PBXProject "20230119-KunNiu-NYCSchools" */ = {
			isa = XCConfigurationList;
			buildConfigurations = (
				04CD966F2979904A00659361 /* Debug */,
				04CD96702979904A00659361 /* Release */,
			);
			defaultConfigurationIsVisible = 0;
			defaultConfigurationName = Release;
		};
		04CD96712979904A00659361 /* Build configuration list for PBXNativeTarget "20230119-KunNiu-NYCSchools" */ = {
			isa = XCConfigurationList;
			buildConfigurations = (
				04CD96722979904A00659361 /* Debug */,
				04CD96732979904A00659361 /* Release */,
			);
			defaultConfigurationIsVisible = 0;
			defaultConfigurationName = Release;
		};
		04CD96742979904A00659361 /* Build configuration list for PBXNativeTarget "20230119-KunNiu-NYCSchoolsTests" */ = {
			isa = XCConfigurationList;
			buildConfigurations = (
				04CD96752979904A00659361 /* Debug */,
				04CD96762979904A00659361 /* Release */,
			);
			defaultConfigurationIsVisible = 0;
			defaultConfigurationName = Release;
		};
		04CD96772979904A00659361 /* Build configuration list for PBXNativeTarget "20230119-KunNiu-NYCSchoolsUITests" */ = {
			isa = XCConfigurationList;
			buildConfigurations = (
				04CD96782979904A00659361 /* Debug */,
				04CD96792979904A00659361 /* Release */,
			);
			defaultConfigurationIsVisible = 0;
			defaultConfigurationName = Release;
		};
/* End XCConfigurationList section */
	};
	rootObject = 04CD96452979904700659361 /* Project object */;
}
